
Microsoft Visual Studio Solution File, Format Version 12.00
# Visual Studio Version 17
VisualStudioVersion = 17.0.31903.59
MinimumVisualStudioVersion = 10.0.40219.1
Project("{FAE04EC0-301F-11D3-BF4B-00C04F79EFBC}") = "NewTalents", "NewTalents\NewTalents.csproj", "{66B10BB5-54A3-47A0-8259-E914BAE72237}"
EndProject
Project("{FAE04EC0-301F-11D3-BF4B-00C04F79EFBC}") = "Tests", "Tests\Tests.csproj", "{7B261987-24BC-4BCD-9F9E-8F6A096338CA}"
EndProject
Global
	GlobalSection(SolutionConfigurationPlatforms) = preSolution
		Debug|Any CPU = Debug|Any CPU
		Release|Any CPU = Release|Any CPU
	EndGlobalSection
	GlobalSection(SolutionProperties) = preSolution
		HideSolutionNode = FALSE
	EndGlobalSection
	GlobalSection(ProjectConfigurationPlatforms) = postSolution
		{66B10BB5-54A3-47A0-8259-E914BAE72237}.Debug|Any CPU.ActiveCfg = Debug|Any CPU
		{66B10BB5-54A3-47A0-8259-E914BAE72237}.Debug|Any CPU.Build.0 = Debug|Any CPU
		{66B10BB5-54A3-47A0-8259-E914BAE72237}.Release|Any CPU.ActiveCfg = Release|Any CPU
		{66B10BB5-54A3-47A0-8259-E914BAE72237}.Release|Any CPU.Build.0 = Release|Any CPU
		{7B261987-24BC-4BCD-9F9E-8F6A096338CA}.Debug|Any CPU.ActiveCfg = Debug|Any CPU
		{7B261987-24BC-4BCD-9F9E-8F6A096338CA}.Debug|Any CPU.Build.0 = Debug|Any CPU
		{7B261987-24BC-4BCD-9F9E-8F6A096338CA}.Release|Any CPU.ActiveCfg = Release|Any CPU
		{7B261987-24BC-4BCD-9F9E-8F6A096338CA}.Release|Any CPU.Build.0 = Release|Any CPU
	EndGlobalSection
EndGlobal
